// !$*UTF8*$!
{
	archiveVersion = 1;
	classes = {
	};
	objectVersion = 50;
	objects = {

/* Begin PBXBuildFile section */
		D878B0D625405BA00070712C /* AppDelegate.swift in Sources */ = {isa = PBXBuildFile; fileRef = D878B0D525405BA00070712C /* AppDelegate.swift */; };
		D878B0D825405BA00070712C /* SceneDelegate.swift in Sources */ = {isa = PBXBuildFile; fileRef = D878B0D725405BA00070712C /* SceneDelegate.swift */; };
		D878B0DA25405BA00070712C /* ViewController.swift in Sources */ = {isa = PBXBuildFile; fileRef = D878B0D925405BA00070712C /* ViewController.swift */; };
		D878B0DD25405BA00070712C /* Main.storyboard in Resources */ = {isa = PBXBuildFile; fileRef = D878B0DB25405BA00070712C /* Main.storyboard */; };
		D878B0E025405BA00070712C /* todoList.xcdatamodeld in Sources */ = {isa = PBXBuildFile; fileRef = D878B0DE25405BA00070712C /* todoList.xcdatamodeld */; };
		D878B0E225405BA30070712C /* Assets.xcassets in Resources */ = {isa = PBXBuildFile; fileRef = D878B0E125405BA30070712C /* Assets.xcassets */; };
		D878B0E525405BA30070712C /* LaunchScreen.storyboard in Resources */ = {isa = PBXBuildFile; fileRef = D878B0E325405BA30070712C /* LaunchScreen.storyboard */; };
		D878B0ED25405FC10070712C /* Task.swift in Sources */ = {isa = PBXBuildFile; fileRef = D878B0EC25405FC10070712C /* Task.swift */; };
		D878B0F1254063560070712C /* CloudKit.framework in Frameworks */ = {isa = PBXBuildFile; fileRef = D878B0F0254063560070712C /* CloudKit.framework */; };
/* End PBXBuildFile section */

/* Begin PBXFileReference section */
		D878B0D225405BA00070712C /* todoList.app */ = {isa = PBXFileReference; explicitFileType = wrapper.application; includeInIndex = 0; path = todoList.app; sourceTree = BUILT_PRODUCTS_DIR; };
		D878B0D525405BA00070712C /* AppDelegate.swift */ = {isa = PBXFileReference; lastKnownFileType = sourcecode.swift; path = AppDelegate.swift; sourceTree = "<group>"; };
		D878B0D725405BA00070712C /* SceneDelegate.swift */ = {isa = PBXFileReference; lastKnownFileType = sourcecode.swift; path = SceneDelegate.swift; sourceTree = "<group>"; };
		D878B0D925405BA00070712C /* ViewController.swift */ = {isa = PBXFileReference; lastKnownFileType = sourcecode.swift; path = ViewController.swift; sourceTree = "<group>"; };
		D878B0DC25405BA00070712C /* Base */ = {isa = PBXFileReference; lastKnownFileType = file.storyboard; name = Base; path = Base.lproj/Main.storyboard; sourceTree = "<group>"; };
		D878B0DF25405BA00070712C /* todoList.xcdatamodel */ = {isa = PBXFileReference; lastKnownFileType = wrapper.xcdatamodel; path = todoList.xcdatamodel; sourceTree = "<group>"; };
		D878B0E125405BA30070712C /* Assets.xcassets */ = {isa = PBXFileReference; lastKnownFileType = folder.assetcatalog; path = Assets.xcassets; sourceTree = "<group>"; };
		D878B0E425405BA30070712C /* Base */ = {isa = PBXFileReference; lastKnownFileType = file.storyboard; name = Base; path = Base.lproj/LaunchScreen.storyboard; sourceTree = "<group>"; };
		D878B0E625405BA30070712C /* Info.plist */ = {isa = PBXFileReference; lastKnownFileType = text.plist.xml; path = Info.plist; sourceTree = "<group>"; };
		D878B0EC25405FC10070712C /* Task.swift */ = {isa = PBXFileReference; lastKnownFileType = sourcecode.swift; path = Task.swift; sourceTree = "<group>"; };
		D878B0EE254063460070712C /* todoList.entitlements */ = {isa = PBXFileReference; lastKnownFileType = text.plist.entitlements; path = todoList.entitlements; sourceTree = "<group>"; };
		D878B0F0254063560070712C /* CloudKit.framework */ = {isa = PBXFileReference; lastKnownFileType = wrapper.framework; name = CloudKit.framework; path = System/Library/Frameworks/CloudKit.framework; sourceTree = SDKROOT; };
/* End PBXFileReference section */

/* Begin PBXFrameworksBuildPhase section */
		D878B0CF25405BA00070712C /* Frameworks */ = {
			isa = PBXFrameworksBuildPhase;
			buildActionMask = 2147483647;
			files = (
				D878B0F1254063560070712C /* CloudKit.framework in Frameworks */,
			);
			runOnlyForDeploymentPostprocessing = 0;
		};
/* End PBXFrameworksBuildPhase section */

/* Begin PBXGroup section */
		D878B0C925405BA00070712C = {
			isa = PBXGroup;
			children = (
				D878B0D425405BA00070712C /* todoList */,
				D878B0D325405BA00070712C /* Products */,
				D878B0EF254063560070712C /* Frameworks */,
			);
			sourceTree = "<group>";
		};
		D878B0D325405BA00070712C /* Products */ = {
			isa = PBXGroup;
			children = (
				D878B0D225405BA00070712C /* todoList.app */,
			);
			name = Products;
			sourceTree = "<group>";
		};
		D878B0D425405BA00070712C /* todoList */ = {
			isa = PBXGroup;
			children = (
				D878B0EE254063460070712C /* todoList.entitlements */,
				D878B0D525405BA00070712C /* AppDelegate.swift */,
				D878B0D725405BA00070712C /* SceneDelegate.swift */,
				D878B0D925405BA00070712C /* ViewController.swift */,
				D878B0DB25405BA00070712C /* Main.storyboard */,
				D878B0E125405BA30070712C /* Assets.xcassets */,
				D878B0E325405BA30070712C /* LaunchScreen.storyboard */,
				D878B0E625405BA30070712C /* Info.plist */,
				D878B0DE25405BA00070712C /* todoList.xcdatamodeld */,
				D878B0EC25405FC10070712C /* Task.swift */,
			);
			path = todoList;
			sourceTree = "<group>";
		};
		D878B0EF254063560070712C /* Frameworks */ = {
			isa = PBXGroup;
			children = (
				D878B0F0254063560070712C /* CloudKit.framework */,
			);
			name = Frameworks;
			sourceTree = "<group>";
		};
/* End PBXGroup section */

/* Begin PBXNativeTarget section */
		D878B0D125405BA00070712C /* todoList */ = {
			isa = PBXNativeTarget;
			buildConfigurationList = D878B0E925405BA30070712C /* Build configuration list for PBXNativeTarget "todoList" */;
			buildPhases = (
				D878B0CE25405BA00070712C /* Sources */,
				D878B0CF25405BA00070712C /* Frameworks */,
				D878B0D025405BA00070712C /* Resources */,
			);
			buildRules = (
			);
			dependencies = (
			);
			name = todoList;
			productName = todoList;
			productReference = D878B0D225405BA00070712C /* todoList.app */;
			productType = "com.apple.product-type.application";
		};
/* End PBXNativeTarget section */

/* Begin PBXProject section */
		D878B0CA25405BA00070712C /* Project object */ = {
			isa = PBXProject;
			attributes = {
				LastSwiftUpdateCheck = 1170;
				LastUpgradeCheck = 1170;
				ORGANIZATIONNAME = academy;
				TargetAttributes = {
					D878B0D125405BA00070712C = {
						CreatedOnToolsVersion = 11.7;
					};
				};
			};
			buildConfigurationList = D878B0CD25405BA00070712C /* Build configuration list for PBXProject "todoList" */;
			compatibilityVersion = "Xcode 9.3";
			developmentRegion = en;
			hasScannedForEncodings = 0;
			knownRegions = (
				en,
				Base,
			);
			mainGroup = D878B0C925405BA00070712C;
			productRefGroup = D878B0D325405BA00070712C /* Products */;
			projectDirPath = "";
			projectRoot = "";
			targets = (
				D878B0D125405BA00070712C /* todoList */,
			);
		};
/* End PBXProject section */

/* Begin PBXResourcesBuildPhase section */
		D878B0D025405BA00070712C /* Resources */ = {
			isa = PBXResourcesBuildPhase;
			buildActionMask = 2147483647;
			files = (
				D878B0E525405BA30070712C /* LaunchScreen.storyboard in Resources */,
				D878B0E225405BA30070712C /* Assets.xcassets in Resources */,
				D878B0DD25405BA00070712C /* Main.storyboard in Resources */,
			);
			runOnlyForDeploymentPostprocessing = 0;
		};
/* End PBXResourcesBuildPhase section */

/* Begin PBXSourcesBuildPhase section */
		D878B0CE25405BA00070712C /* Sources */ = {
			isa = PBXSourcesBuildPhase;
			buildActionMask = 2147483647;
			files = (
				D878B0DA25405BA00070712C /* ViewController.swift in Sources */,
				D878B0D625405BA00070712C /* AppDelegate.swift in Sources */,
				D878B0ED25405FC10070712C /* Task.swift in Sources */,
				D878B0D825405BA00070712C /* SceneDelegate.swift in Sources */,
				D878B0E025405BA00070712C /* todoList.xcdatamodeld in Sources */,
			);
			runOnlyForDeploymentPostprocessing = 0;
		};
/* End PBXSourcesBuildPhase section */

/* Begin PBXVariantGroup section */
		D878B0DB25405BA00070712C /* Main.storyboard */ = {
			isa = PBXVariantGroup;
			children = (
				D878B0DC25405BA00070712C /* Base */,
			);
			name = Main.storyboard;
			sourceTree = "<group>";
		};
		D878B0E325405BA30070712C /* LaunchScreen.storyboard */ = {
			isa = PBXVariantGroup;
			children = (
				D878B0E425405BA30070712C /* Base */,
			);
			name = LaunchScreen.storyboard;
			sourceTree = "<group>";
		};
/* End PBXVariantGroup section */

/* Begin XCBuildConfiguration section */
		D878B0E725405BA30070712C /* Debug */ = {
			isa = XCBuildConfiguration;
			buildSettings = {
				ALWAYS_SEARCH_USER_PATHS = NO;
				CLANG_ANALYZER_NONNULL = YES;
				CLANG_ANALYZER_NUMBER_OBJECT_CONVERSION = YES_AGGRESSIVE;
				CLANG_CXX_LANGUAGE_STANDARD = "gnu++14";
				CLANG_CXX_LIBRARY = "libc++";
				CLANG_ENABLE_MODULES = YES;
				CLANG_ENABLE_OBJC_ARC = YES;
				CLANG_ENABLE_OBJC_WEAK = YES;
				CLANG_WARN_BLOCK_CAPTURE_AUTORELEASING = YES;
				CLANG_WARN_BOOL_CONVERSION = YES;
				CLANG_WARN_COMMA = YES;
				CLANG_WARN_CONSTANT_CONVERSION = YES;
				CLANG_WARN_DEPRECATED_OBJC_IMPLEMENTATIONS = YES;
				CLANG_WARN_DIRECT_OBJC_ISA_USAGE = YES_ERROR;
				CLANG_WARN_DOCUMENTATION_COMMENTS = YES;
				CLANG_WARN_EMPTY_BODY = YES;
				CLANG_WARN_ENUM_CONVERSION = YES;
				CLANG_WARN_INFINITE_RECURSION = YES;
				CLANG_WARN_INT_CONVERSION = YES;
				CLANG_WARN_NON_LITERAL_NULL_CONVERSION = YES;
				CLANG_WARN_OBJC_IMPLICIT_RETAIN_SELF = YES;
				CLANG_WARN_OBJC_LITERAL_CONVERSION = YES;
				CLANG_WARN_OBJC_ROOT_CLASS = YES_ERROR;
				CLANG_WARN_RANGE_LOOP_ANALYSIS = YES;
				CLANG_WARN_STRICT_PROTOTYPES = YES;
				CLANG_WARN_SUSPICIOUS_MOVE = YES;
				CLANG_WARN_UNGUARDED_AVAILABILITY = YES_AGGRESSIVE;
				CLANG_WARN_UNREACHABLE_CODE = YES;
				CLANG_WARN__DUPLICATE_METHOD_MATCH = YES;
				COPY_PHASE_STRIP = NO;
				DEBUG_INFORMATION_FORMAT = dwarf;
				ENABLE_STRICT_OBJC_MSGSEND = YES;
				ENABLE_TESTABILITY = YES;
				GCC_C_LANGUAGE_STANDARD = gnu11;
				GCC_DYNAMIC_NO_PIC = NO;
				GCC_NO_COMMON_BLOCKS = YES;
				GCC_OPTIMIZATION_LEVEL = 0;
				GCC_PREPROCESSOR_DEFINITIONS = (
					"DEBUG=1",
					"$(inherited)",
				);
				GCC_WARN_64_TO_32_BIT_CONVERSION = YES;
				GCC_WARN_ABOUT_RETURN_TYPE = YES_ERROR;
				GCC_WARN_UNDECLARED_SELECTOR = YES;
				GCC_WARN_UNINITIALIZED_AUTOS = YES_AGGRESSIVE;
				GCC_WARN_UNUSED_FUNCTION = YES;
				GCC_WARN_UNUSED_VARIABLE = YES;
				IPHONEOS_DEPLOYMENT_TARGET = 13.7;
				MTL_ENABLE_DEBUG_INFO = INCLUDE_SOURCE;
				MTL_FAST_MATH = YES;
				ONLY_ACTIVE_ARCH = YES;
				SDKROOT = iphoneos;
				SWIFT_ACTIVE_COMPILATION_CONDITIONS = DEBUG;
				SWIFT_OPTIMIZATION_LEVEL = "-Onone";
			};
			name = Debug;
		};
		D878B0E825405BA30070712C /* Release */ = {
			isa = XCBuildConfiguration;
			buildSettings = {
				ALWAYS_SEARCH_USER_PATHS = NO;
				CLANG_ANALYZER_NONNULL = YES;
				CLANG_ANALYZER_NUMBER_OBJECT_CONVERSION = YES_AGGRESSIVE;
				CLANG_CXX_LANGUAGE_STANDARD = "gnu++14";
				CLANG_CXX_LIBRARY = "libc++";
				CLANG_ENABLE_MODULES = YES;
				CLANG_ENABLE_OBJC_ARC = YES;
				CLANG_ENABLE_OBJC_WEAK = YES;
				CLANG_WARN_BLOCK_CAPTURE_AUTORELEASING = YES;
				CLANG_WARN_BOOL_CONVERSION = YES;
				CLANG_WARN_COMMA = YES;
				CLANG_WARN_CONSTANT_CONVERSION = YES;
				CLANG_WARN_DEPRECATED_OBJC_IMPLEMENTATIONS = YES;
				CLANG_WARN_DIRECT_OBJC_ISA_USAGE = YES_ERROR;
				CLANG_WARN_DOCUMENTATION_COMMENTS = YES;
				CLANG_WARN_EMPTY_BODY = YES;
				CLANG_WARN_ENUM_CONVERSION = YES;
				CLANG_WARN_INFINITE_RECURSION = YES;
				CLANG_WARN_INT_CONVERSION = YES;
				CLANG_WARN_NON_LITERAL_NULL_CONVERSION = YES;
				CLANG_WARN_OBJC_IMPLICIT_RETAIN_SELF = YES;
				CLANG_WARN_OBJC_LITERAL_CONVERSION = YES;
				CLANG_WARN_OBJC_ROOT_CLASS = YES_ERROR;
				CLANG_WARN_RANGE_LOOP_ANALYSIS = YES;
				CLANG_WARN_STRICT_PROTOTYPES = YES;
				CLANG_WARN_SUSPICIOUS_MOVE = YES;
				CLANG_WARN_UNGUARDED_AVAILABILITY = YES_AGGRESSIVE;
				CLANG_WARN_UNREACHABLE_CODE = YES;
				CLANG_WARN__DUPLICATE_METHOD_MATCH = YES;
				COPY_PHASE_STRIP = NO;
				DEBUG_INFORMATION_FORMAT = "dwarf-with-dsym";
				ENABLE_NS_ASSERTIONS = NO;
				ENABLE_STRICT_OBJC_MSGSEND = YES;
				GCC_C_LANGUAGE_STANDARD = gnu11;
				GCC_NO_COMMON_BLOCKS = YES;
				GCC_WARN_64_TO_32_BIT_CONVERSION = YES;
				GCC_WARN_ABOUT_RETURN_TYPE = YES_ERROR;
				GCC_WARN_UNDECLARED_SELECTOR = YES;
				GCC_WARN_UNINITIALIZED_AUTOS = YES_AGGRESSIVE;
				GCC_WARN_UNUSED_FUNCTION = YES;
				GCC_WARN_UNUSED_VARIABLE = YES;
				IPHONEOS_DEPLOYMENT_TARGET = 13.7;
				MTL_ENABLE_DEBUG_INFO = NO;
				MTL_FAST_MATH = YES;
				SDKROOT = iphoneos;
				SWIFT_COMPILATION_MODE = wholemodule;
				SWIFT_OPTIMIZATION_LEVEL = "-O";
				VALIDATE_PRODUCT = YES;
			};
			name = Release;
		};
		D878B0EA25405BA30070712C /* Debug */ = {
			isa = XCBuildConfiguration;
			buildSettings = {
				ASSETCATALOG_COMPILER_APPICON_NAME = AppIcon;
				CODE_SIGN_ENTITLEMENTS = todoList/todoList.entitlements;
				CODE_SIGN_STYLE = Automatic;
				DEVELOPMENT_TEAM = 2V8P924DLJ;
				INFOPLIST_FILE = todoList/Info.plist;
				LD_RUNPATH_SEARCH_PATHS = (
					"$(inherited)",
					"@executable_path/Frameworks",
				);
				PRODUCT_BUNDLE_IDENTIFIER = academy.todoList;
				PRODUCT_NAME = "$(TARGET_NAME)";
				SWIFT_VERSION = 5.0;
				TARGETED_DEVICE_FAMILY = "1,2";
			};
			name = Debug;
		};
		D878B0EB25405BA30070712C /* Release */ = {
			isa = XCBuildConfiguration;
			buildSettings = {
				ASSETCATALOG_COMPILER_APPICON_NAME = AppIcon;
				CODE_SIGN_ENTITLEMENTS = todoList/todoList.entitlements;
				CODE_SIGN_STYLE = Automatic;
				DEVELOPMENT_TEAM = 2V8P924DLJ;
				INFOPLIST_FILE = todoList/Info.plist;
				LD_RUNPATH_SEARCH_PATHS = (
					"$(inherited)",
					"@executable_path/Frameworks",
				);
				PRODUCT_BUNDLE_IDENTIFIER = academy.todoList;
				PRODUCT_NAME = "$(TARGET_NAME)";
				SWIFT_VERSION = 5.0;
				TARGETED_DEVICE_FAMILY = "1,2";
			};
			name = Release;
		};
/* End XCBuildConfiguration section */

/* Begin XCConfigurationList section */
		D878B0CD25405BA00070712C /* Build configuration list for PBXProject "todoList" */ = {
			isa = XCConfigurationList;
			buildConfigurations = (
				D878B0E725405BA30070712C /* Debug */,
				D878B0E825405BA30070712C /* Release */,
			);
			defaultConfigurationIsVisible = 0;
			defaultConfigurationName = Release;
		};
		D878B0E925405BA30070712C /* Build configuration list for PBXNativeTarget "todoList" */ = {
			isa = XCConfigurationList;
			buildConfigurations = (
				D878B0EA25405BA30070712C /* Debug */,
				D878B0EB25405BA30070712C /* Release */,
			);
			defaultConfigurationIsVisible = 0;
			defaultConfigurationName = Release;
		};
/* End XCConfigurationList section */

/* Begin XCVersionGroup section */
		D878B0DE25405BA00070712C /* todoList.xcdatamodeld */ = {
			isa = XCVersionGroup;
			children = (
				D878B0DF25405BA00070712C /* todoList.xcdatamodel */,
			);
			currentVersion = D878B0DF25405BA00070712C /* todoList.xcdatamodel */;
			path = todoList.xcdatamodeld;
			sourceTree = "<group>";
			versionGroupType = wrapper.xcdatamodel;
		};
/* End XCVersionGroup section */
	};
	rootObject = D878B0CA25405BA00070712C /* Project object */;
}
